
Microsoft Visual Studio Solution File, Format Version 12.00
# Visual Studio Version 17
VisualStudioVersion = 17.5.33530.505
MinimumVisualStudioVersion = 10.0.40219.1
Project("{FAE04EC0-301F-11D3-BF4B-00C04F79EFBC}") = "TSO-Proyect", "TSO-Proyect\TSO-Proyect.csproj", "{BE8023A1-539C-4288-989E-B6F3032F4DC0}"
EndProject
Global
	GlobalSection(SolutionConfigurationPlatforms) = preSolution
		Debug|Any CPU = Debug|Any CPU
		Release|Any CPU = Release|Any CPU
	EndGlobalSection
	GlobalSection(ProjectConfigurationPlatforms) = postSolution
		{BE8023A1-539C-4288-989E-B6F3032F4DC0}.Debug|Any CPU.ActiveCfg = Debug|Any CPU
		{BE8023A1-539C-4288-989E-B6F3032F4DC0}.Debug|Any CPU.Build.0 = Debug|Any CPU
		{BE8023A1-539C-4288-989E-B6F3032F4DC0}.Release|Any CPU.ActiveCfg = Release|Any CPU
		{BE8023A1-539C-4288-989E-B6F3032F4DC0}.Release|Any CPU.Build.0 = Release|Any CPU
	EndGlobalSection
	GlobalSection(SolutionProperties) = preSolution
		HideSolutionNode = FALSE
	EndGlobalSection
	GlobalSection(ExtensibilityGlobals) = postSolution
		SolutionGuid = {41768DD7-DFA4-4D1B-AFB8-03E85FB72791}
	EndGlobalSection
EndGlobal
